
Microsoft Visual Studio Solution File, Format Version 12.00
# Visual Studio 15
VisualStudioVersion = 15.0.27703.2035
MinimumVisualStudioVersion = 10.0.40219.1
Project("{FAE04EC0-301F-11D3-BF4B-00C04F79EFBC}") = "WavManager", "WavManager\WavManager.csproj", "{80909249-FD0A-48EA-907A-4B21A09CE50A}"
EndProject
Global
	GlobalSection(SolutionConfigurationPlatforms) = preSolution
		Debug|Any CPU = Debug|Any CPU
		Release|Any CPU = Release|Any CPU
	EndGlobalSection
	GlobalSection(ProjectConfigurationPlatforms) = postSolution
		{80909249-FD0A-48EA-907A-4B21A09CE50A}.Debug|Any CPU.ActiveCfg = Debug|Any CPU
		{80909249-FD0A-48EA-907A-4B21A09CE50A}.Debug|Any CPU.Build.0 = Debug|Any CPU
		{80909249-FD0A-48EA-907A-4B21A09CE50A}.Release|Any CPU.ActiveCfg = Release|Any CPU
		{80909249-FD0A-48EA-907A-4B21A09CE50A}.Release|Any CPU.Build.0 = Release|Any CPU
	EndGlobalSection
	GlobalSection(SolutionProperties) = preSolution
		HideSolutionNode = FALSE
	EndGlobalSection
	GlobalSection(ExtensibilityGlobals) = postSolution
		SolutionGuid = {204EF476-20BB-45F3-A30F-3AB0DB228442}
	EndGlobalSection
EndGlobal
